{
  "name": "it",
  "version": "1.0.0",
  "lockfileVersion": 3,
  "requires": true,
  "packages": {
    "": {
      "name": "it",
      "version": "1.0.0",
      "license": "ISC",
      "dependencies": {
        "wasm-wallet": "file:../wasm-wallet/pkg"
      }
    },
    "../wasm-wallet/pkg": {
      "name": "dlc-wasm-wallet",
      "version": "0.4.7"
    },
    "node_modules/wasm-wallet": {
      "resolved": "../wasm-wallet/pkg",
      "link": true
    }
  }
}
